
Microsoft Visual Studio Solution File, Format Version 12.00
# Visual Studio Version 17
VisualStudioVersion = 17.14.36915.13 d17.14
MinimumVisualStudioVersion = 10.0.40219.1
Project("{FAE04EC0-301F-11D3-BF4B-00C04F79EFBC}") = "DesignPattern", "DesignPattern\DesignPattern.csproj", "{CC099799-C053-4307-9E5F-6EB07576B139}"
EndProject
Global
	GlobalSection(SolutionConfigurationPlatforms) = preSolution
		Debug|Any CPU = Debug|Any CPU
		Release|Any CPU = Release|Any CPU
	EndGlobalSection
	GlobalSection(ProjectConfigurationPlatforms) = postSolution
		{CC099799-C053-4307-9E5F-6EB07576B139}.Debug|Any CPU.ActiveCfg = Debug|Any CPU
		{CC099799-C053-4307-9E5F-6EB07576B139}.Debug|Any CPU.Build.0 = Debug|Any CPU
		{CC099799-C053-4307-9E5F-6EB07576B139}.Release|Any CPU.ActiveCfg = Release|Any CPU
		{CC099799-C053-4307-9E5F-6EB07576B139}.Release|Any CPU.Build.0 = Release|Any CPU
	EndGlobalSection
	GlobalSection(SolutionProperties) = preSolution
		HideSolutionNode = FALSE
	EndGlobalSection
	GlobalSection(ExtensibilityGlobals) = postSolution
		SolutionGuid = {40123F1D-2A35-4336-A8A4-5FF44CB602A1}
	EndGlobalSection
EndGlobal
