
Microsoft Visual Studio Solution File, Format Version 12.00
# Visual Studio Version 17
VisualStudioVersion = 17.14.36915.13
MinimumVisualStudioVersion = 10.0.40219.1
Project("{2150E333-8FDC-42A3-9474-1A3956D46DE8}") = "src", "src", "{02EA681E-C7D8-13C7-8484-4AC65E1B71E8}"
EndProject
Project("{FAE04EC0-301F-11D3-BF4B-00C04F79EFBC}") = "DesignPatterns.Behavioral", "src\DesignPatterns.Behavioral\DesignPatterns.Behavioral.csproj", "{47E7CAAF-F694-5995-D519-CE3597525C94}"
EndProject
Project("{FAE04EC0-301F-11D3-BF4B-00C04F79EFBC}") = "DesignPatterns.Creational", "src\DesignPatterns.Creational\DesignPatterns.Creational.csproj", "{C5D28C3F-05ED-9518-7A2D-7E466ADC52E0}"
EndProject
Project("{FAE04EC0-301F-11D3-BF4B-00C04F79EFBC}") = "DesignPatterns.Structural", "src\DesignPatterns.Structural\DesignPatterns.Structural.csproj", "{13AE5B79-3A32-B6E3-62A4-28C0F272F648}"
EndProject
Global
	GlobalSection(SolutionConfigurationPlatforms) = preSolution
		Debug|Any CPU = Debug|Any CPU
		Release|Any CPU = Release|Any CPU
	EndGlobalSection
	GlobalSection(ProjectConfigurationPlatforms) = postSolution
		{47E7CAAF-F694-5995-D519-CE3597525C94}.Debug|Any CPU.ActiveCfg = Debug|Any CPU
		{47E7CAAF-F694-5995-D519-CE3597525C94}.Debug|Any CPU.Build.0 = Debug|Any CPU
		{47E7CAAF-F694-5995-D519-CE3597525C94}.Release|Any CPU.ActiveCfg = Release|Any CPU
		{47E7CAAF-F694-5995-D519-CE3597525C94}.Release|Any CPU.Build.0 = Release|Any CPU
		{C5D28C3F-05ED-9518-7A2D-7E466ADC52E0}.Debug|Any CPU.ActiveCfg = Debug|Any CPU
		{C5D28C3F-05ED-9518-7A2D-7E466ADC52E0}.Debug|Any CPU.Build.0 = Debug|Any CPU
		{C5D28C3F-05ED-9518-7A2D-7E466ADC52E0}.Release|Any CPU.ActiveCfg = Release|Any CPU
		{C5D28C3F-05ED-9518-7A2D-7E466ADC52E0}.Release|Any CPU.Build.0 = Release|Any CPU
		{13AE5B79-3A32-B6E3-62A4-28C0F272F648}.Debug|Any CPU.ActiveCfg = Debug|Any CPU
		{13AE5B79-3A32-B6E3-62A4-28C0F272F648}.Debug|Any CPU.Build.0 = Debug|Any CPU
		{13AE5B79-3A32-B6E3-62A4-28C0F272F648}.Release|Any CPU.ActiveCfg = Release|Any CPU
		{13AE5B79-3A32-B6E3-62A4-28C0F272F648}.Release|Any CPU.Build.0 = Release|Any CPU
	EndGlobalSection
	GlobalSection(SolutionProperties) = preSolution
		HideSolutionNode = FALSE
	EndGlobalSection
	GlobalSection(NestedProjects) = preSolution
		{47E7CAAF-F694-5995-D519-CE3597525C94} = {02EA681E-C7D8-13C7-8484-4AC65E1B71E8}
		{C5D28C3F-05ED-9518-7A2D-7E466ADC52E0} = {02EA681E-C7D8-13C7-8484-4AC65E1B71E8}
		{13AE5B79-3A32-B6E3-62A4-28C0F272F648} = {02EA681E-C7D8-13C7-8484-4AC65E1B71E8}
	EndGlobalSection
	GlobalSection(ExtensibilityGlobals) = postSolution
		SolutionGuid = {40123F1D-2A35-4336-A8A4-5FF44CB602A1}
	EndGlobalSection
EndGlobal
